<Solution>
  <Folder Name="/src/">
    <Project Path="src/Dextromethorphan.Core/Dextromethorphan.Core.csproj" />
    <Project Path="src/Dextromethorphan.Infrastructure/Dextromethorphan.Infrastructure.csproj" />
    <Project Path="src/Dextromethorphan.App/Dextromethorphan.App.csproj" />
  </Folder>
  <Folder Name="/tests/">
    <Project Path="tests/Dextromethorphan.Tests/Dextromethorphan.Tests.csproj" />
  </Folder>
  <Folder Name="/tools/">
    <Project Path="tools/Dextromethorphan.AudioSoak/Dextromethorphan.AudioSoak.csproj" />
    <Project Path="tools/Dextromethorphan.DopQualification/Dextromethorphan.DopQualification.csproj" />
    <Project Path="tools/Dextromethorphan.PerformanceFixtures/Dextromethorphan.PerformanceFixtures.csproj" />
  </Folder>
</Solution>
