# This file is automatically @generated by Cargo.
# It is not intended for manual editing.
version = 4

[[package]]
name = "anyhow"
version = "1.0.104"
source = "registry+https://github.com/rust-lang/crates.io-index"
checksum = "330a5ed07fa54e4702c9d6c4174f74427fc0ef6e214bbd677ae50a5099946470"

[[package]]
name = "dextromethorphan-dst-decoder"
version = "0.1.0"
dependencies = [
 "dst-decoder",
]

[[package]]
name = "dst-decoder"
version = "0.1.2"
source = "registry+https://github.com/rust-lang/crates.io-index"
checksum = "0d22ef63dfde0eac89eca20926f8bb64eec4bf12016647274a51d3bb11f6147c"
dependencies = [
 "anyhow",
]
